
Microsoft Visual Studio Solution File, Format Version 12.00
# Visual Studio Version 17
VisualStudioVersion = 17.2.32630.192
MinimumVisualStudioVersion = 10.0.40219.1
Project("{9A19103F-16F7-4668-BE54-9A1E7A4F7556}") = "OpenAPI2MD.CommunityToolkit", "OpenAPI2MD.CommunityToolkit\OpenAPI2MD.CommunityToolkit.csproj", "{A43E16C9-C1D4-4137-8779-EE41FD286F28}"
EndProject
Project("{9A19103F-16F7-4668-BE54-9A1E7A4F7556}") = "OpenAPI2MD.CommunityToolkit.Example", "OpenAPI2MD.CommunityToolkit.Example\OpenAPI2MD.CommunityToolkit.Example.csproj", "{2AB6E479-40D4-48BA-ACFA-E8C4DBBEEB1C}"
EndProject
Project("{FAE04EC0-301F-11D3-BF4B-00C04F79EFBC}") = "OpenAPI2MD.CommunityToolkitTests", "OpenAPI2MD.CommunityToolkitTests\OpenAPI2MD.CommunityToolkitTests.csproj", "{DF10ECA9-1CB8-4FE4-9B6A-D7521E7030E6}"
EndProject
Global
	GlobalSection(SolutionConfigurationPlatforms) = preSolution
		Debug|Any CPU = Debug|Any CPU
		Release|Any CPU = Release|Any CPU
	EndGlobalSection
	GlobalSection(ProjectConfigurationPlatforms) = postSolution
		{A43E16C9-C1D4-4137-8779-EE41FD286F28}.Debug|Any CPU.ActiveCfg = Debug|Any CPU
		{A43E16C9-C1D4-4137-8779-EE41FD286F28}.Debug|Any CPU.Build.0 = Debug|Any CPU
		{A43E16C9-C1D4-4137-8779-EE41FD286F28}.Release|Any CPU.ActiveCfg = Release|Any CPU
		{A43E16C9-C1D4-4137-8779-EE41FD286F28}.Release|Any CPU.Build.0 = Release|Any CPU
		{2AB6E479-40D4-48BA-ACFA-E8C4DBBEEB1C}.Debug|Any CPU.ActiveCfg = Debug|Any CPU
		{2AB6E479-40D4-48BA-ACFA-E8C4DBBEEB1C}.Debug|Any CPU.Build.0 = Debug|Any CPU
		{2AB6E479-40D4-48BA-ACFA-E8C4DBBEEB1C}.Release|Any CPU.ActiveCfg = Release|Any CPU
		{2AB6E479-40D4-48BA-ACFA-E8C4DBBEEB1C}.Release|Any CPU.Build.0 = Release|Any CPU
		{DF10ECA9-1CB8-4FE4-9B6A-D7521E7030E6}.Debug|Any CPU.ActiveCfg = Debug|Any CPU
		{DF10ECA9-1CB8-4FE4-9B6A-D7521E7030E6}.Debug|Any CPU.Build.0 = Debug|Any CPU
		{DF10ECA9-1CB8-4FE4-9B6A-D7521E7030E6}.Release|Any CPU.ActiveCfg = Release|Any CPU
		{DF10ECA9-1CB8-4FE4-9B6A-D7521E7030E6}.Release|Any CPU.Build.0 = Release|Any CPU
	EndGlobalSection
	GlobalSection(SolutionProperties) = preSolution
		HideSolutionNode = FALSE
	EndGlobalSection
	GlobalSection(ExtensibilityGlobals) = postSolution
		SolutionGuid = {48CA208A-CDC4-4C9F-94B3-948D663539FF}
	EndGlobalSection
EndGlobal
