
Microsoft Visual Studio Solution File, Format Version 12.00
# Visual Studio Version 17
VisualStudioVersion = 17.2.32630.192
MinimumVisualStudioVersion = 10.0.40219.1
Project("{9A19103F-16F7-4668-BE54-9A1E7A4F7556}") = "OpenAPI2MD.CommunityToolkit", "OpenAPI2MD.CommunityToolkit\OpenAPI2MD.CommunityToolkit.csproj", "{A43E16C9-C1D4-4137-8779-EE41FD286F28}"
EndProject
Project("{9A19103F-16F7-4668-BE54-9A1E7A4F7556}") = "OpenAPI2MD.CommunityToolkitTests", "..\test\OpenAPI2MD.CommunityToolkitTests\OpenAPI2MD.CommunityToolkitTests.csproj", "{56E621EB-FDEE-4CF8-B369-9EF5346D4697}"
EndProject
Project("{9A19103F-16F7-4668-BE54-9A1E7A4F7556}") = "OpenAPI2MD.CommunityToolkit.Example", "..\docs\samples\OpenAPI2MD.CommunityToolkit.Example\OpenAPI2MD.CommunityToolkit.Example.csproj", "{95A8A1B4-4AA5-4A75-882D-821CE4B7F42D}"
EndProject
Global
	GlobalSection(SolutionConfigurationPlatforms) = preSolution
		Debug|Any CPU = Debug|Any CPU
		Release|Any CPU = Release|Any CPU
	EndGlobalSection
	GlobalSection(ProjectConfigurationPlatforms) = postSolution
		{A43E16C9-C1D4-4137-8779-EE41FD286F28}.Debug|Any CPU.ActiveCfg = Debug|Any CPU
		{A43E16C9-C1D4-4137-8779-EE41FD286F28}.Debug|Any CPU.Build.0 = Debug|Any CPU
		{A43E16C9-C1D4-4137-8779-EE41FD286F28}.Release|Any CPU.ActiveCfg = Release|Any CPU
		{A43E16C9-C1D4-4137-8779-EE41FD286F28}.Release|Any CPU.Build.0 = Release|Any CPU
		{56E621EB-FDEE-4CF8-B369-9EF5346D4697}.Debug|Any CPU.ActiveCfg = Debug|Any CPU
		{56E621EB-FDEE-4CF8-B369-9EF5346D4697}.Debug|Any CPU.Build.0 = Debug|Any CPU
		{56E621EB-FDEE-4CF8-B369-9EF5346D4697}.Release|Any CPU.ActiveCfg = Release|Any CPU
		{56E621EB-FDEE-4CF8-B369-9EF5346D4697}.Release|Any CPU.Build.0 = Release|Any CPU
		{95A8A1B4-4AA5-4A75-882D-821CE4B7F42D}.Debug|Any CPU.ActiveCfg = Debug|Any CPU
		{95A8A1B4-4AA5-4A75-882D-821CE4B7F42D}.Debug|Any CPU.Build.0 = Debug|Any CPU
		{95A8A1B4-4AA5-4A75-882D-821CE4B7F42D}.Release|Any CPU.ActiveCfg = Release|Any CPU
		{95A8A1B4-4AA5-4A75-882D-821CE4B7F42D}.Release|Any CPU.Build.0 = Release|Any CPU
	EndGlobalSection
	GlobalSection(SolutionProperties) = preSolution
		HideSolutionNode = FALSE
	EndGlobalSection
	GlobalSection(ExtensibilityGlobals) = postSolution
		SolutionGuid = {48CA208A-CDC4-4C9F-94B3-948D663539FF}
	EndGlobalSection
EndGlobal
